<?xml version="1.0" encoding="utf-8"?>
<Project ToolsVersion="4.0" xmlns="http://schemas.microsoft.com/developer/msbuild/2003">
  <ItemGroup>
    <Filter Include="Source Files">
      <UniqueIdentifier>{4FC737F1-C7A5-4376-A066-2A32D752A2FF}</UniqueIdentifier>
      <Extensions>cpp;c;cc;cxx;def;odl;idl;hpj;bat;asm;asmx</Extensions>
    </Filter>
    <Filter Include="Header Files">
      <UniqueIdentifier>{93995380-89BD-4b04-88EB-625FBE52EBFB}</UniqueIdentifier>
      <Extensions>h;hh;hpp;hxx;hm;inl;inc;xsd</Extensions>
    </Filter>
    <Filter Include="Resource Files">
      <UniqueIdentifier>{67DA6AB6-F800-4c08-8B7A-83BB121AAD01}</UniqueIdentifier>
      <Extensions>rc;ico;cur;bmp;dlg;rc2;rct;bin;rgs;gif;jpg;jpeg;jpe;resx;tiff;tif;png;wav;mfcribbon-ms</Extensions>
    </Filter>
  </ItemGroup>
  <ItemGroup>
    <ClInclude Include="__vm\.FramEink.vsarduino.h">
      <Filter>Header Files</Filter>
    </ClInclude>
    <ClInclude Include="binary_Icons\icon_C.h">
      <Filter>Header Files</Filter>
    </ClInclude>
    <ClInclude Include="binary_Icons\icon_Hc.h">
      <Filter>Header Files</Filter>
    </ClInclude>
    <ClInclude Include="binary_Icons\icon_Hr.h">
      <Filter>Header Files</Filter>
    </ClInclude>
    <ClInclude Include="binary_Icons\icon_Lc.h">
      <Filter>Header Files</Filter>
    </ClInclude>
    <ClInclude Include="binary_Icons\icon_Lr.h">
      <Filter>Header Files</Filter>
    </ClInclude>
    <ClInclude Include="binary_Icons\icon_S.h">
      <Filter>Header Files</Filter>
    </ClInclude>
    <ClInclude Include="binary_Icons\icon_S_C.h">
      <Filter>Header Files</Filter>
    </ClInclude>
    <ClInclude Include="binary_Icons\icon_S_H.h">
      <Filter>Header Files</Filter>
    </ClInclude>
    <ClInclude Include="binary_Icons\icon_S_Hc.h">
      <Filter>Header Files</Filter>
    </ClInclude>
    <ClInclude Include="binary_Icons\icon_S_Hr.h">
      <Filter>Header Files</Filter>
    </ClInclude>
    <ClInclude Include="binary_Icons\icon_S_Lc.h">
      <Filter>Header Files</Filter>
    </ClInclude>
    <ClInclude Include="binary_Icons\icon_S_Lr.h">
      <Filter>Header Files</Filter>
    </ClInclude>
    <ClInclude Include="binary_Icons\icon_S_S.h">
      <Filter>Header Files</Filter>
    </ClInclude>
    <ClInclude Include="binary_Icons\icon_S_Sl.h">
      <Filter>Header Files</Filter>
    </ClInclude>
    <ClInclude Include="binary_Icons\icon_S_Sn.h">
      <Filter>Header Files</Filter>
    </ClInclude>
    <ClInclude Include="binary_Icons\icon_S_T.h">
      <Filter>Header Files</Filter>
    </ClInclude>
    <ClInclude Include="binary_Icons\icon_Sl.h">
      <Filter>Header Files</Filter>
    </ClInclude>
    <ClInclude Include="binary_Icons\icon_Sn.h">
      <Filter>Header Files</Filter>
    </ClInclude>
    <ClInclude Include="binary_Icons\icon_T.h">
      <Filter>Header Files</Filter>
    </ClInclude>
    <ClInclude Include="icons_1bit.h">
      <Filter>Header Files</Filter>
    </ClInclude>
    <ClInclude Include="binary_Icons\icon_H.h">
      <Filter>Header Files</Filter>
    </ClInclude>
    <ClInclude Include="binary_Icons\moon_phases\moon_phase_0.h">
      <Filter>Header Files</Filter>
    </ClInclude>
    <ClInclude Include="binary_Icons\moon_phases\moon_phase_0_04.h">
      <Filter>Header Files</Filter>
    </ClInclude>
    <ClInclude Include="binary_Icons\moon_phases\moon_phase_0_08.h">
      <Filter>Header Files</Filter>
    </ClInclude>
    <ClInclude Include="binary_Icons\moon_phases\moon_phase_0_11.h">
      <Filter>Header Files</Filter>
    </ClInclude>
    <ClInclude Include="binary_Icons\moon_phases\moon_phase_0_15.h">
      <Filter>Header Files</Filter>
    </ClInclude>
    <ClInclude Include="binary_Icons\moon_phases\moon_phase_0_18.h">
      <Filter>Header Files</Filter>
    </ClInclude>
    <ClInclude Include="binary_Icons\moon_phases\moon_phase_0_21.h">
      <Filter>Header Files</Filter>
    </ClInclude>
    <ClInclude Include="binary_Icons\moon_phases\moon_phase_0_25.h">
      <Filter>Header Files</Filter>
    </ClInclude>
    <ClInclude Include="binary_Icons\moon_phases\moon_phase_0_29.h">
      <Filter>Header Files</Filter>
    </ClInclude>
    <ClInclude Include="binary_Icons\moon_phases\moon_phase_0_33.h">
      <Filter>Header Files</Filter>
    </ClInclude>
    <ClInclude Include="binary_Icons\moon_phases\moon_phase_0_36.h">
      <Filter>Header Files</Filter>
    </ClInclude>
    <ClInclude Include="binary_Icons\moon_phases\moon_phase_0_40.h">
      <Filter>Header Files</Filter>
    </ClInclude>
    <ClInclude Include="binary_Icons\moon_phases\moon_phase_0_43.h">
      <Filter>Header Files</Filter>
    </ClInclude>
    <ClInclude Include="binary_Icons\moon_phases\moon_phase_0_47.h">
      <Filter>Header Files</Filter>
    </ClInclude>
    <ClInclude Include="binary_Icons\moon_phases\moon_phase_0_50.h">
      <Filter>Header Files</Filter>
    </ClInclude>
    <ClInclude Include="binary_Icons\moon_phases\moon_phase_0_54.h">
      <Filter>Header Files</Filter>
    </ClInclude>
    <ClInclude Include="binary_Icons\moon_phases\moon_phase_0_58.h">
      <Filter>Header Files</Filter>
    </ClInclude>
    <ClInclude Include="binary_Icons\moon_phases\moon_phase_0_61.h">
      <Filter>Header Files</Filter>
    </ClInclude>
    <ClInclude Include="binary_Icons\moon_phases\moon_phase_0_65.h">
      <Filter>Header Files</Filter>
    </ClInclude>
    <ClInclude Include="binary_Icons\moon_phases\moon_phase_0_69.h">
      <Filter>Header Files</Filter>
    </ClInclude>
    <ClInclude Include="binary_Icons\moon_phases\moon_phase_0_73.h">
      <Filter>Header Files</Filter>
    </ClInclude>
    <ClInclude Include="binary_Icons\moon_phases\moon_phase_0_77.h">
      <Filter>Header Files</Filter>
    </ClInclude>
    <ClInclude Include="binary_Icons\moon_phases\moon_phase_0_81.h">
      <Filter>Header Files</Filter>
    </ClInclude>
    <ClInclude Include="binary_Icons\moon_phases\moon_phase_0_85.h">
      <Filter>Header Files</Filter>
    </ClInclude>
    <ClInclude Include="binary_Icons\moon_phases\moon_phase_0_89.h">
      <Filter>Header Files</Filter>
    </ClInclude>
    <ClInclude Include="binary_Icons\moon_phases\moon_phase_0_93.h">
      <Filter>Header Files</Filter>
    </ClInclude>
    <ClInclude Include="binary_Icons\moon_phases\moon_phase_0_96.h">
      <Filter>Header Files</Filter>
    </ClInclude>
    <ClInclude Include="binary_Icons\light_gray.h">
      <Filter>Header Files</Filter>
    </ClInclude>
    <ClInclude Include="binary_Icons\termometro.h">
      <Filter>Header Files</Filter>
    </ClInclude>
    <ClInclude Include="binary_Icons\sunset.h">
      <Filter>Header Files</Filter>
    </ClInclude>
    <ClInclude Include="binary_Icons\drop.h">
      <Filter>Header Files</Filter>
    </ClInclude>
    <ClInclude Include="fonts.h">
      <Filter>Header Files</Filter>
    </ClInclude>
  </ItemGroup>
  <ItemGroup>
    <Image Include="binary_Icons\icons\c.png">
      <Filter>Resource Files</Filter>
    </Image>
    <Image Include="binary_Icons\icons\h.png">
      <Filter>Resource Files</Filter>
    </Image>
    <Image Include="binary_Icons\icons\hc.png">
      <Filter>Resource Files</Filter>
    </Image>
    <Image Include="binary_Icons\icons\hr.png">
      <Filter>Resource Files</Filter>
    </Image>
    <Image Include="binary_Icons\icons\lc.png">
      <Filter>Resource Files</Filter>
    </Image>
    <Image Include="binary_Icons\icons\lr.png">
      <Filter>Resource Files</Filter>
    </Image>
    <Image Include="binary_Icons\icons\s.png">
      <Filter>Resource Files</Filter>
    </Image>
    <Image Include="binary_Icons\icons\sl.png">
      <Filter>Resource Files</Filter>
    </Image>
    <Image Include="binary_Icons\icons\sn.png">
      <Filter>Resource Files</Filter>
    </Image>
    <Image Include="binary_Icons\icons\t.png">
      <Filter>Resource Files</Filter>
    </Image>
  </ItemGroup>
  <ItemGroup>
    <ClCompile Include="FramEink_10.ino" />
  </ItemGroup>
</Project>